// !$*UTF8*$!
{
	archiveVersion = 1;
	classes = {
	};
	objectVersion = 56;
	objects = {

/* Begin PBXBuildFile section */
		D9F5E1202950C0A8004455AD /* AppDelegate.swift in Sources */ = {isa = PBXBuildFile; fileRef = D9F5E11F2950C0A8004455AD /* AppDelegate.swift */; };
		D9F5E1242950C0A8004455AD /* EnterPhoneViewController.swift in Sources */ = {isa = PBXBuildFile; fileRef = D9F5E1232950C0A8004455AD /* EnterPhoneViewController.swift */; };
		D9F5E1292950C0A9004455AD /* Assets.xcassets in Resources */ = {isa = PBXBuildFile; fileRef = D9F5E1282950C0A9004455AD /* Assets.xcassets */; };
		D9F5E12C2950C0A9004455AD /* LaunchScreen.storyboard in Resources */ = {isa = PBXBuildFile; fileRef = D9F5E12A2950C0A9004455AD /* LaunchScreen.storyboard */; };
		D9F5E1392950C6DF004455AD /* UserData.swift in Sources */ = {isa = PBXBuildFile; fileRef = D9F5E1382950C6DF004455AD /* UserData.swift */; };
		D9F5E13B2950C7EF004455AD /* ConformPhoneViewController.swift in Sources */ = {isa = PBXBuildFile; fileRef = D9F5E13A2950C7EF004455AD /* ConformPhoneViewController.swift */; };
		D9F5E13D2950CABE004455AD /* EnterPasswordViewController.swift in Sources */ = {isa = PBXBuildFile; fileRef = D9F5E13C2950CABE004455AD /* EnterPasswordViewController.swift */; };
		D9F5E13F2950CAD5004455AD /* EnterNameViewController.swift in Sources */ = {isa = PBXBuildFile; fileRef = D9F5E13E2950CAD5004455AD /* EnterNameViewController.swift */; };
		D9F5E1412950CAE7004455AD /* EnterBirthdayViewController.swift in Sources */ = {isa = PBXBuildFile; fileRef = D9F5E1402950CAE7004455AD /* EnterBirthdayViewController.swift */; };
/* End PBXBuildFile section */

/* Begin PBXFileReference section */
		D9F5E11C2950C0A8004455AD /* Coordinator pattern.app */ = {isa = PBXFileReference; explicitFileType = wrapper.application; includeInIndex = 0; path = "Coordinator pattern.app"; sourceTree = BUILT_PRODUCTS_DIR; };
		D9F5E11F2950C0A8004455AD /* AppDelegate.swift */ = {isa = PBXFileReference; lastKnownFileType = sourcecode.swift; path = AppDelegate.swift; sourceTree = "<group>"; };
		D9F5E1232950C0A8004455AD /* EnterPhoneViewController.swift */ = {isa = PBXFileReference; lastKnownFileType = sourcecode.swift; path = EnterPhoneViewController.swift; sourceTree = "<group>"; };
		D9F5E1282950C0A9004455AD /* Assets.xcassets */ = {isa = PBXFileReference; lastKnownFileType = folder.assetcatalog; path = Assets.xcassets; sourceTree = "<group>"; };
		D9F5E12B2950C0A9004455AD /* Base */ = {isa = PBXFileReference; lastKnownFileType = file.storyboard; name = Base; path = Base.lproj/LaunchScreen.storyboard; sourceTree = "<group>"; };
		D9F5E12D2950C0A9004455AD /* Info.plist */ = {isa = PBXFileReference; lastKnownFileType = text.plist.xml; path = Info.plist; sourceTree = "<group>"; };
		D9F5E1382950C6DF004455AD /* UserData.swift */ = {isa = PBXFileReference; lastKnownFileType = sourcecode.swift; path = UserData.swift; sourceTree = "<group>"; };
		D9F5E13A2950C7EF004455AD /* ConformPhoneViewController.swift */ = {isa = PBXFileReference; lastKnownFileType = sourcecode.swift; path = ConformPhoneViewController.swift; sourceTree = "<group>"; };
		D9F5E13C2950CABE004455AD /* EnterPasswordViewController.swift */ = {isa = PBXFileReference; lastKnownFileType = sourcecode.swift; path = EnterPasswordViewController.swift; sourceTree = "<group>"; };
		D9F5E13E2950CAD5004455AD /* EnterNameViewController.swift */ = {isa = PBXFileReference; lastKnownFileType = sourcecode.swift; path = EnterNameViewController.swift; sourceTree = "<group>"; };
		D9F5E1402950CAE7004455AD /* EnterBirthdayViewController.swift */ = {isa = PBXFileReference; lastKnownFileType = sourcecode.swift; path = EnterBirthdayViewController.swift; sourceTree = "<group>"; };
/* End PBXFileReference section */

/* Begin PBXFrameworksBuildPhase section */
		D9F5E1192950C0A8004455AD /* Frameworks */ = {
			isa = PBXFrameworksBuildPhase;
			buildActionMask = 2147483647;
			files = (
			);
			runOnlyForDeploymentPostprocessing = 0;
		};
/* End PBXFrameworksBuildPhase section */

/* Begin PBXGroup section */
		D9F5E1132950C0A8004455AD = {
			isa = PBXGroup;
			children = (
				D9F5E11E2950C0A8004455AD /* Coordinator pattern */,
				D9F5E11D2950C0A8004455AD /* Products */,
			);
			sourceTree = "<group>";
		};
		D9F5E11D2950C0A8004455AD /* Products */ = {
			isa = PBXGroup;
			children = (
				D9F5E11C2950C0A8004455AD /* Coordinator pattern.app */,
			);
			name = Products;
			sourceTree = "<group>";
		};
		D9F5E11E2950C0A8004455AD /* Coordinator pattern */ = {
			isa = PBXGroup;
			children = (
				D9F5E1372950C6C0004455AD /* Model */,
				D9F5E1332950C61E004455AD /* App */,
				D9F5E1362950C64E004455AD /* Sources */,
				D9F5E1352950C62D004455AD /* Resources */,
			);
			path = "Coordinator pattern";
			sourceTree = "<group>";
		};
		D9F5E1332950C61E004455AD /* App */ = {
			isa = PBXGroup;
			children = (
				D9F5E11F2950C0A8004455AD /* AppDelegate.swift */,
			);
			path = App;
			sourceTree = "<group>";
		};
		D9F5E1342950C623004455AD /* Controllers */ = {
			isa = PBXGroup;
			children = (
				D9F5E1232950C0A8004455AD /* EnterPhoneViewController.swift */,
				D9F5E13A2950C7EF004455AD /* ConformPhoneViewController.swift */,
				D9F5E13C2950CABE004455AD /* EnterPasswordViewController.swift */,
				D9F5E13E2950CAD5004455AD /* EnterNameViewController.swift */,
				D9F5E1402950CAE7004455AD /* EnterBirthdayViewController.swift */,
			);
			path = Controllers;
			sourceTree = "<group>";
		};
		D9F5E1352950C62D004455AD /* Resources */ = {
			isa = PBXGroup;
			children = (
				D9F5E12A2950C0A9004455AD /* LaunchScreen.storyboard */,
				D9F5E12D2950C0A9004455AD /* Info.plist */,
				D9F5E1282950C0A9004455AD /* Assets.xcassets */,
			);
			path = Resources;
			sourceTree = "<group>";
		};
		D9F5E1362950C64E004455AD /* Sources */ = {
			isa = PBXGroup;
			children = (
				D9F5E1342950C623004455AD /* Controllers */,
			);
			path = Sources;
			sourceTree = "<group>";
		};
		D9F5E1372950C6C0004455AD /* Model */ = {
			isa = PBXGroup;
			children = (
				D9F5E1382950C6DF004455AD /* UserData.swift */,
			);
			path = Model;
			sourceTree = "<group>";
		};
/* End PBXGroup section */

/* Begin PBXNativeTarget section */
		D9F5E11B2950C0A8004455AD /* Coordinator pattern */ = {
			isa = PBXNativeTarget;
			buildConfigurationList = D9F5E1302950C0A9004455AD /* Build configuration list for PBXNativeTarget "Coordinator pattern" */;
			buildPhases = (
				D9F5E1182950C0A8004455AD /* Sources */,
				D9F5E1192950C0A8004455AD /* Frameworks */,
				D9F5E11A2950C0A8004455AD /* Resources */,
			);
			buildRules = (
			);
			dependencies = (
			);
			name = "Coordinator pattern";
			productName = "Coordinator pattern";
			productReference = D9F5E11C2950C0A8004455AD /* Coordinator pattern.app */;
			productType = "com.apple.product-type.application";
		};
/* End PBXNativeTarget section */

/* Begin PBXProject section */
		D9F5E1142950C0A8004455AD /* Project object */ = {
			isa = PBXProject;
			attributes = {
				BuildIndependentTargetsInParallel = 1;
				LastSwiftUpdateCheck = 1410;
				LastUpgradeCheck = 1410;
				TargetAttributes = {
					D9F5E11B2950C0A8004455AD = {
						CreatedOnToolsVersion = 14.1;
					};
				};
			};
			buildConfigurationList = D9F5E1172950C0A8004455AD /* Build configuration list for PBXProject "Coordinator pattern" */;
			compatibilityVersion = "Xcode 14.0";
			developmentRegion = en;
			hasScannedForEncodings = 0;
			knownRegions = (
				en,
				Base,
			);
			mainGroup = D9F5E1132950C0A8004455AD;
			productRefGroup = D9F5E11D2950C0A8004455AD /* Products */;
			projectDirPath = "";
			projectRoot = "";
			targets = (
				D9F5E11B2950C0A8004455AD /* Coordinator pattern */,
			);
		};
/* End PBXProject section */

/* Begin PBXResourcesBuildPhase section */
		D9F5E11A2950C0A8004455AD /* Resources */ = {
			isa = PBXResourcesBuildPhase;
			buildActionMask = 2147483647;
			files = (
				D9F5E12C2950C0A9004455AD /* LaunchScreen.storyboard in Resources */,
				D9F5E1292950C0A9004455AD /* Assets.xcassets in Resources */,
			);
			runOnlyForDeploymentPostprocessing = 0;
		};
/* End PBXResourcesBuildPhase section */

/* Begin PBXSourcesBuildPhase section */
		D9F5E1182950C0A8004455AD /* Sources */ = {
			isa = PBXSourcesBuildPhase;
			buildActionMask = 2147483647;
			files = (
				D9F5E13F2950CAD5004455AD /* EnterNameViewController.swift in Sources */,
				D9F5E13B2950C7EF004455AD /* ConformPhoneViewController.swift in Sources */,
				D9F5E1392950C6DF004455AD /* UserData.swift in Sources */,
				D9F5E1242950C0A8004455AD /* EnterPhoneViewController.swift in Sources */,
				D9F5E1412950CAE7004455AD /* EnterBirthdayViewController.swift in Sources */,
				D9F5E13D2950CABE004455AD /* EnterPasswordViewController.swift in Sources */,
				D9F5E1202950C0A8004455AD /* AppDelegate.swift in Sources */,
			);
			runOnlyForDeploymentPostprocessing = 0;
		};
/* End PBXSourcesBuildPhase section */

/* Begin PBXVariantGroup section */
		D9F5E12A2950C0A9004455AD /* LaunchScreen.storyboard */ = {
			isa = PBXVariantGroup;
			children = (
				D9F5E12B2950C0A9004455AD /* Base */,
			);
			name = LaunchScreen.storyboard;
			sourceTree = "<group>";
		};
/* End PBXVariantGroup section */

/* Begin XCBuildConfiguration section */
		D9F5E12E2950C0A9004455AD /* Debug */ = {
			isa = XCBuildConfiguration;
			buildSettings = {
				ALWAYS_SEARCH_USER_PATHS = NO;
				CLANG_ANALYZER_NONNULL = YES;
				CLANG_ANALYZER_NUMBER_OBJECT_CONVERSION = YES_AGGRESSIVE;
				CLANG_CXX_LANGUAGE_STANDARD = "gnu++20";
				CLANG_ENABLE_MODULES = YES;
				CLANG_ENABLE_OBJC_ARC = YES;
				CLANG_ENABLE_OBJC_WEAK = YES;
				CLANG_WARN_BLOCK_CAPTURE_AUTORELEASING = YES;
				CLANG_WARN_BOOL_CONVERSION = YES;
				CLANG_WARN_COMMA = YES;
				CLANG_WARN_CONSTANT_CONVERSION = YES;
				CLANG_WARN_DEPRECATED_OBJC_IMPLEMENTATIONS = YES;
				CLANG_WARN_DIRECT_OBJC_ISA_USAGE = YES_ERROR;
				CLANG_WARN_DOCUMENTATION_COMMENTS = YES;
				CLANG_WARN_EMPTY_BODY = YES;
				CLANG_WARN_ENUM_CONVERSION = YES;
				CLANG_WARN_INFINITE_RECURSION = YES;
				CLANG_WARN_INT_CONVERSION = YES;
				CLANG_WARN_NON_LITERAL_NULL_CONVERSION = YES;
				CLANG_WARN_OBJC_IMPLICIT_RETAIN_SELF = YES;
				CLANG_WARN_OBJC_LITERAL_CONVERSION = YES;
				CLANG_WARN_OBJC_ROOT_CLASS = YES_ERROR;
				CLANG_WARN_QUOTED_INCLUDE_IN_FRAMEWORK_HEADER = YES;
				CLANG_WARN_RANGE_LOOP_ANALYSIS = YES;
				CLANG_WARN_STRICT_PROTOTYPES = YES;
				CLANG_WARN_SUSPICIOUS_MOVE = YES;
				CLANG_WARN_UNGUARDED_AVAILABILITY = YES_AGGRESSIVE;
				CLANG_WARN_UNREACHABLE_CODE = YES;
				CLANG_WARN__DUPLICATE_METHOD_MATCH = YES;
				COPY_PHASE_STRIP = NO;
				DEBUG_INFORMATION_FORMAT = dwarf;
				ENABLE_STRICT_OBJC_MSGSEND = YES;
				ENABLE_TESTABILITY = YES;
				GCC_C_LANGUAGE_STANDARD = gnu11;
				GCC_DYNAMIC_NO_PIC = NO;
				GCC_NO_COMMON_BLOCKS = YES;
				GCC_OPTIMIZATION_LEVEL = 0;
				GCC_PREPROCESSOR_DEFINITIONS = (
					"DEBUG=1",
					"$(inherited)",
				);
				GCC_WARN_64_TO_32_BIT_CONVERSION = YES;
				GCC_WARN_ABOUT_RETURN_TYPE = YES_ERROR;
				GCC_WARN_UNDECLARED_SELECTOR = YES;
				GCC_WARN_UNINITIALIZED_AUTOS = YES_AGGRESSIVE;
				GCC_WARN_UNUSED_FUNCTION = YES;
				GCC_WARN_UNUSED_VARIABLE = YES;
				IPHONEOS_DEPLOYMENT_TARGET = 16.1;
				MTL_ENABLE_DEBUG_INFO = INCLUDE_SOURCE;
				MTL_FAST_MATH = YES;
				ONLY_ACTIVE_ARCH = YES;
				SDKROOT = iphoneos;
				SWIFT_ACTIVE_COMPILATION_CONDITIONS = DEBUG;
				SWIFT_OPTIMIZATION_LEVEL = "-Onone";
			};
			name = Debug;
		};
		D9F5E12F2950C0A9004455AD /* Release */ = {
			isa = XCBuildConfiguration;
			buildSettings = {
				ALWAYS_SEARCH_USER_PATHS = NO;
				CLANG_ANALYZER_NONNULL = YES;
				CLANG_ANALYZER_NUMBER_OBJECT_CONVERSION = YES_AGGRESSIVE;
				CLANG_CXX_LANGUAGE_STANDARD = "gnu++20";
				CLANG_ENABLE_MODULES = YES;
				CLANG_ENABLE_OBJC_ARC = YES;
				CLANG_ENABLE_OBJC_WEAK = YES;
				CLANG_WARN_BLOCK_CAPTURE_AUTORELEASING = YES;
				CLANG_WARN_BOOL_CONVERSION = YES;
				CLANG_WARN_COMMA = YES;
				CLANG_WARN_CONSTANT_CONVERSION = YES;
				CLANG_WARN_DEPRECATED_OBJC_IMPLEMENTATIONS = YES;
				CLANG_WARN_DIRECT_OBJC_ISA_USAGE = YES_ERROR;
				CLANG_WARN_DOCUMENTATION_COMMENTS = YES;
				CLANG_WARN_EMPTY_BODY = YES;
				CLANG_WARN_ENUM_CONVERSION = YES;
				CLANG_WARN_INFINITE_RECURSION = YES;
				CLANG_WARN_INT_CONVERSION = YES;
				CLANG_WARN_NON_LITERAL_NULL_CONVERSION = YES;
				CLANG_WARN_OBJC_IMPLICIT_RETAIN_SELF = YES;
				CLANG_WARN_OBJC_LITERAL_CONVERSION = YES;
				CLANG_WARN_OBJC_ROOT_CLASS = YES_ERROR;
				CLANG_WARN_QUOTED_INCLUDE_IN_FRAMEWORK_HEADER = YES;
				CLANG_WARN_RANGE_LOOP_ANALYSIS = YES;
				CLANG_WARN_STRICT_PROTOTYPES = YES;
				CLANG_WARN_SUSPICIOUS_MOVE = YES;
				CLANG_WARN_UNGUARDED_AVAILABILITY = YES_AGGRESSIVE;
				CLANG_WARN_UNREACHABLE_CODE = YES;
				CLANG_WARN__DUPLICATE_METHOD_MATCH = YES;
				COPY_PHASE_STRIP = NO;
				DEBUG_INFORMATION_FORMAT = "dwarf-with-dsym";
				ENABLE_NS_ASSERTIONS = NO;
				ENABLE_STRICT_OBJC_MSGSEND = YES;
				GCC_C_LANGUAGE_STANDARD = gnu11;
				GCC_NO_COMMON_BLOCKS = YES;
				GCC_WARN_64_TO_32_BIT_CONVERSION = YES;
				GCC_WARN_ABOUT_RETURN_TYPE = YES_ERROR;
				GCC_WARN_UNDECLARED_SELECTOR = YES;
				GCC_WARN_UNINITIALIZED_AUTOS = YES_AGGRESSIVE;
				GCC_WARN_UNUSED_FUNCTION = YES;
				GCC_WARN_UNUSED_VARIABLE = YES;
				IPHONEOS_DEPLOYMENT_TARGET = 16.1;
				MTL_ENABLE_DEBUG_INFO = NO;
				MTL_FAST_MATH = YES;
				SDKROOT = iphoneos;
				SWIFT_COMPILATION_MODE = wholemodule;
				SWIFT_OPTIMIZATION_LEVEL = "-O";
				VALIDATE_PRODUCT = YES;
			};
			name = Release;
		};
		D9F5E1312950C0A9004455AD /* Debug */ = {
			isa = XCBuildConfiguration;
			buildSettings = {
				ASSETCATALOG_COMPILER_APPICON_NAME = AppIcon;
				ASSETCATALOG_COMPILER_GLOBAL_ACCENT_COLOR_NAME = AccentColor;
				CODE_SIGN_STYLE = Automatic;
				CURRENT_PROJECT_VERSION = 1;
				DEVELOPMENT_TEAM = 76N9URDUCT;
				GENERATE_INFOPLIST_FILE = YES;
				INFOPLIST_FILE = "Coordinator pattern/Resources/Info.plist";
				INFOPLIST_KEY_UIApplicationSupportsIndirectInputEvents = YES;
				INFOPLIST_KEY_UILaunchStoryboardName = LaunchScreen;
				INFOPLIST_KEY_UIMainStoryboardFile = "";
				INFOPLIST_KEY_UISupportedInterfaceOrientations_iPad = "UIInterfaceOrientationPortrait UIInterfaceOrientationPortraitUpsideDown UIInterfaceOrientationLandscapeLeft UIInterfaceOrientationLandscapeRight";
				INFOPLIST_KEY_UISupportedInterfaceOrientations_iPhone = "UIInterfaceOrientationPortrait UIInterfaceOrientationLandscapeLeft UIInterfaceOrientationLandscapeRight";
				LD_RUNPATH_SEARCH_PATHS = (
					"$(inherited)",
					"@executable_path/Frameworks",
				);
				MARKETING_VERSION = 1.0;
				PRODUCT_BUNDLE_IDENTIFIER = "ArtemGalay.Coordinator-pattern";
				PRODUCT_NAME = "$(TARGET_NAME)";
				SWIFT_EMIT_LOC_STRINGS = YES;
				SWIFT_VERSION = 5.0;
				TARGETED_DEVICE_FAMILY = "1,2";
			};
			name = Debug;
		};
		D9F5E1322950C0A9004455AD /* Release */ = {
			isa = XCBuildConfiguration;
			buildSettings = {
				ASSETCATALOG_COMPILER_APPICON_NAME = AppIcon;
				ASSETCATALOG_COMPILER_GLOBAL_ACCENT_COLOR_NAME = AccentColor;
				CODE_SIGN_STYLE = Automatic;
				CURRENT_PROJECT_VERSION = 1;
				DEVELOPMENT_TEAM = 76N9URDUCT;
				GENERATE_INFOPLIST_FILE = YES;
				INFOPLIST_FILE = "Coordinator pattern/Resources/Info.plist";
				INFOPLIST_KEY_UIApplicationSupportsIndirectInputEvents = YES;
				INFOPLIST_KEY_UILaunchStoryboardName = LaunchScreen;
				INFOPLIST_KEY_UIMainStoryboardFile = "";
				INFOPLIST_KEY_UISupportedInterfaceOrientations_iPad = "UIInterfaceOrientationPortrait UIInterfaceOrientationPortraitUpsideDown UIInterfaceOrientationLandscapeLeft UIInterfaceOrientationLandscapeRight";
				INFOPLIST_KEY_UISupportedInterfaceOrientations_iPhone = "UIInterfaceOrientationPortrait UIInterfaceOrientationLandscapeLeft UIInterfaceOrientationLandscapeRight";
				LD_RUNPATH_SEARCH_PATHS = (
					"$(inherited)",
					"@executable_path/Frameworks",
				);
				MARKETING_VERSION = 1.0;
				PRODUCT_BUNDLE_IDENTIFIER = "ArtemGalay.Coordinator-pattern";
				PRODUCT_NAME = "$(TARGET_NAME)";
				SWIFT_EMIT_LOC_STRINGS = YES;
				SWIFT_VERSION = 5.0;
				TARGETED_DEVICE_FAMILY = "1,2";
			};
			name = Release;
		};
/* End XCBuildConfiguration section */

/* Begin XCConfigurationList section */
		D9F5E1172950C0A8004455AD /* Build configuration list for PBXProject "Coordinator pattern" */ = {
			isa = XCConfigurationList;
			buildConfigurations = (
				D9F5E12E2950C0A9004455AD /* Debug */,
				D9F5E12F2950C0A9004455AD /* Release */,
			);
			defaultConfigurationIsVisible = 0;
			defaultConfigurationName = Release;
		};
		D9F5E1302950C0A9004455AD /* Build configuration list for PBXNativeTarget "Coordinator pattern" */ = {
			isa = XCConfigurationList;
			buildConfigurations = (
				D9F5E1312950C0A9004455AD /* Debug */,
				D9F5E1322950C0A9004455AD /* Release */,
			);
			defaultConfigurationIsVisible = 0;
			defaultConfigurationName = Release;
		};
/* End XCConfigurationList section */
	};
	rootObject = D9F5E1142950C0A8004455AD /* Project object */;
}
